// !$*UTF8*$!
{
	archiveVersion = 1;
	classes = {
	};
	objectVersion = 50;
	objects = {

/* Begin PBXBuildFile section */
		2F0A91102214BE1D00F3B08C /* AppDelegate.swift in Sources */ = {isa = PBXBuildFile; fileRef = 2F0A910F2214BE1D00F3B08C /* AppDelegate.swift */; };
		2F0A91122214BE1D00F3B08C /* ViewController.swift in Sources */ = {isa = PBXBuildFile; fileRef = 2F0A91112214BE1D00F3B08C /* ViewController.swift */; };
		2F0A91152214BE1D00F3B08C /* Main.storyboard in Resources */ = {isa = PBXBuildFile; fileRef = 2F0A91132214BE1D00F3B08C /* Main.storyboard */; };
		2F0A91172214BE1F00F3B08C /* Assets.xcassets in Resources */ = {isa = PBXBuildFile; fileRef = 2F0A91162214BE1F00F3B08C /* Assets.xcassets */; };
		2F0A911A2214BE1F00F3B08C /* LaunchScreen.storyboard in Resources */ = {isa = PBXBuildFile; fileRef = 2F0A91182214BE1F00F3B08C /* LaunchScreen.storyboard */; };
		2F0A917E2215E88900F3B08C /* OptionalsViewController.swift in Sources */ = {isa = PBXBuildFile; fileRef = 2F0A917D2215E88900F3B08C /* OptionalsViewController.swift */; };
		2F0A91802216ED5E00F3B08C /* ClosuresViewController.swift in Sources */ = {isa = PBXBuildFile; fileRef = 2F0A917F2216ED5E00F3B08C /* ClosuresViewController.swift */; };
		2F0A91822217436900F3B08C /* ProtocolsViewController.swift in Sources */ = {isa = PBXBuildFile; fileRef = 2F0A91812217436900F3B08C /* ProtocolsViewController.swift */; };
		2F0A9184221A5D9A00F3B08C /* Protocols.swift in Sources */ = {isa = PBXBuildFile; fileRef = 2F0A9183221A5D9A00F3B08C /* Protocols.swift */; };
		2F0A9186221A5DBD00F3B08C /* Person.swift in Sources */ = {isa = PBXBuildFile; fileRef = 2F0A9185221A5DBD00F3B08C /* Person.swift */; };
/* End PBXBuildFile section */

/* Begin PBXFileReference section */
		2F0A910C2214BE1D00F3B08C /* Aula2.app */ = {isa = PBXFileReference; explicitFileType = wrapper.application; includeInIndex = 0; path = Aula2.app; sourceTree = BUILT_PRODUCTS_DIR; };
		2F0A910F2214BE1D00F3B08C /* AppDelegate.swift */ = {isa = PBXFileReference; lastKnownFileType = sourcecode.swift; path = AppDelegate.swift; sourceTree = "<group>"; };
		2F0A91112214BE1D00F3B08C /* ViewController.swift */ = {isa = PBXFileReference; lastKnownFileType = sourcecode.swift; path = ViewController.swift; sourceTree = "<group>"; };
		2F0A91142214BE1D00F3B08C /* Base */ = {isa = PBXFileReference; lastKnownFileType = file.storyboard; name = Base; path = Base.lproj/Main.storyboard; sourceTree = "<group>"; };
		2F0A91162214BE1F00F3B08C /* Assets.xcassets */ = {isa = PBXFileReference; lastKnownFileType = folder.assetcatalog; path = Assets.xcassets; sourceTree = "<group>"; };
		2F0A91192214BE1F00F3B08C /* Base */ = {isa = PBXFileReference; lastKnownFileType = file.storyboard; name = Base; path = Base.lproj/LaunchScreen.storyboard; sourceTree = "<group>"; };
		2F0A911B2214BE1F00F3B08C /* Info.plist */ = {isa = PBXFileReference; lastKnownFileType = text.plist.xml; path = Info.plist; sourceTree = "<group>"; };
		2F0A917D2215E88900F3B08C /* OptionalsViewController.swift */ = {isa = PBXFileReference; lastKnownFileType = sourcecode.swift; path = OptionalsViewController.swift; sourceTree = "<group>"; };
		2F0A917F2216ED5E00F3B08C /* ClosuresViewController.swift */ = {isa = PBXFileReference; lastKnownFileType = sourcecode.swift; path = ClosuresViewController.swift; sourceTree = "<group>"; };
		2F0A91812217436900F3B08C /* ProtocolsViewController.swift */ = {isa = PBXFileReference; lastKnownFileType = sourcecode.swift; path = ProtocolsViewController.swift; sourceTree = "<group>"; };
		2F0A9183221A5D9A00F3B08C /* Protocols.swift */ = {isa = PBXFileReference; lastKnownFileType = sourcecode.swift; path = Protocols.swift; sourceTree = "<group>"; };
		2F0A9185221A5DBD00F3B08C /* Person.swift */ = {isa = PBXFileReference; lastKnownFileType = sourcecode.swift; path = Person.swift; sourceTree = "<group>"; };
/* End PBXFileReference section */

/* Begin PBXFrameworksBuildPhase section */
		2F0A91092214BE1D00F3B08C /* Frameworks */ = {
			isa = PBXFrameworksBuildPhase;
			buildActionMask = 2147483647;
			files = (
			);
			runOnlyForDeploymentPostprocessing = 0;
		};
/* End PBXFrameworksBuildPhase section */

/* Begin PBXGroup section */
		2F0A91032214BE1D00F3B08C = {
			isa = PBXGroup;
			children = (
				2F0A910E2214BE1D00F3B08C /* Aula2 */,
				2F0A910D2214BE1D00F3B08C /* Products */,
			);
			sourceTree = "<group>";
		};
		2F0A910D2214BE1D00F3B08C /* Products */ = {
			isa = PBXGroup;
			children = (
				2F0A910C2214BE1D00F3B08C /* Aula2.app */,
			);
			name = Products;
			sourceTree = "<group>";
		};
		2F0A910E2214BE1D00F3B08C /* Aula2 */ = {
			isa = PBXGroup;
			children = (
				2F0A910F2214BE1D00F3B08C /* AppDelegate.swift */,
				2F0A91112214BE1D00F3B08C /* ViewController.swift */,
				2F0A91132214BE1D00F3B08C /* Main.storyboard */,
				2F0A91162214BE1F00F3B08C /* Assets.xcassets */,
				2F0A91182214BE1F00F3B08C /* LaunchScreen.storyboard */,
				2F0A911B2214BE1F00F3B08C /* Info.plist */,
				2F0A917D2215E88900F3B08C /* OptionalsViewController.swift */,
				2F0A917F2216ED5E00F3B08C /* ClosuresViewController.swift */,
				2F0A91812217436900F3B08C /* ProtocolsViewController.swift */,
				2F0A9183221A5D9A00F3B08C /* Protocols.swift */,
				2F0A9185221A5DBD00F3B08C /* Person.swift */,
			);
			path = Aula2;
			sourceTree = "<group>";
		};
/* End PBXGroup section */

/* Begin PBXNativeTarget section */
		2F0A910B2214BE1D00F3B08C /* Aula2 */ = {
			isa = PBXNativeTarget;
			buildConfigurationList = 2F0A911E2214BE1F00F3B08C /* Build configuration list for PBXNativeTarget "Aula2" */;
			buildPhases = (
				2F0A91082214BE1D00F3B08C /* Sources */,
				2F0A91092214BE1D00F3B08C /* Frameworks */,
				2F0A910A2214BE1D00F3B08C /* Resources */,
			);
			buildRules = (
			);
			dependencies = (
			);
			name = Aula2;
			productName = Aula2;
			productReference = 2F0A910C2214BE1D00F3B08C /* Aula2.app */;
			productType = "com.apple.product-type.application";
		};
/* End PBXNativeTarget section */

/* Begin PBXProject section */
		2F0A91042214BE1D00F3B08C /* Project object */ = {
			isa = PBXProject;
			attributes = {
				LastSwiftUpdateCheck = 1010;
				LastUpgradeCheck = 1010;
				ORGANIZATIONNAME = Mocka;
				TargetAttributes = {
					2F0A910B2214BE1D00F3B08C = {
						CreatedOnToolsVersion = 10.1;
					};
				};
			};
			buildConfigurationList = 2F0A91072214BE1D00F3B08C /* Build configuration list for PBXProject "Aula2" */;
			compatibilityVersion = "Xcode 9.3";
			developmentRegion = en;
			hasScannedForEncodings = 0;
			knownRegions = (
				en,
				Base,
			);
			mainGroup = 2F0A91032214BE1D00F3B08C;
			productRefGroup = 2F0A910D2214BE1D00F3B08C /* Products */;
			projectDirPath = "";
			projectRoot = "";
			targets = (
				2F0A910B2214BE1D00F3B08C /* Aula2 */,
			);
		};
/* End PBXProject section */

/* Begin PBXResourcesBuildPhase section */
		2F0A910A2214BE1D00F3B08C /* Resources */ = {
			isa = PBXResourcesBuildPhase;
			buildActionMask = 2147483647;
			files = (
				2F0A911A2214BE1F00F3B08C /* LaunchScreen.storyboard in Resources */,
				2F0A91172214BE1F00F3B08C /* Assets.xcassets in Resources */,
				2F0A91152214BE1D00F3B08C /* Main.storyboard in Resources */,
			);
			runOnlyForDeploymentPostprocessing = 0;
		};
/* End PBXResourcesBuildPhase section */

/* Begin PBXSourcesBuildPhase section */
		2F0A91082214BE1D00F3B08C /* Sources */ = {
			isa = PBXSourcesBuildPhase;
			buildActionMask = 2147483647;
			files = (
				2F0A91122214BE1D00F3B08C /* ViewController.swift in Sources */,
				2F0A91102214BE1D00F3B08C /* AppDelegate.swift in Sources */,
				2F0A91802216ED5E00F3B08C /* ClosuresViewController.swift in Sources */,
				2F0A9184221A5D9A00F3B08C /* Protocols.swift in Sources */,
				2F0A9186221A5DBD00F3B08C /* Person.swift in Sources */,
				2F0A91822217436900F3B08C /* ProtocolsViewController.swift in Sources */,
				2F0A917E2215E88900F3B08C /* OptionalsViewController.swift in Sources */,
			);
			runOnlyForDeploymentPostprocessing = 0;
		};
/* End PBXSourcesBuildPhase section */

/* Begin PBXVariantGroup section */
		2F0A91132214BE1D00F3B08C /* Main.storyboard */ = {
			isa = PBXVariantGroup;
			children = (
				2F0A91142214BE1D00F3B08C /* Base */,
			);
			name = Main.storyboard;
			sourceTree = "<group>";
		};
		2F0A91182214BE1F00F3B08C /* LaunchScreen.storyboard */ = {
			isa = PBXVariantGroup;
			children = (
				2F0A91192214BE1F00F3B08C /* Base */,
			);
			name = LaunchScreen.storyboard;
			sourceTree = "<group>";
		};
/* End PBXVariantGroup section */

/* Begin XCBuildConfiguration section */
		2F0A911C2214BE1F00F3B08C /* Debug */ = {
			isa = XCBuildConfiguration;
			buildSettings = {
				ALWAYS_SEARCH_USER_PATHS = NO;
				CLANG_ANALYZER_NONNULL = YES;
				CLANG_ANALYZER_NUMBER_OBJECT_CONVERSION = YES_AGGRESSIVE;
				CLANG_CXX_LANGUAGE_STANDARD = "gnu++14";
				CLANG_CXX_LIBRARY = "libc++";
				CLANG_ENABLE_MODULES = YES;
				CLANG_ENABLE_OBJC_ARC = YES;
				CLANG_ENABLE_OBJC_WEAK = YES;
				CLANG_WARN_BLOCK_CAPTURE_AUTORELEASING = YES;
				CLANG_WARN_BOOL_CONVERSION = YES;
				CLANG_WARN_COMMA = YES;
				CLANG_WARN_CONSTANT_CONVERSION = YES;
				CLANG_WARN_DEPRECATED_OBJC_IMPLEMENTATIONS = YES;
				CLANG_WARN_DIRECT_OBJC_ISA_USAGE = YES_ERROR;
				CLANG_WARN_DOCUMENTATION_COMMENTS = YES;
				CLANG_WARN_EMPTY_BODY = YES;
				CLANG_WARN_ENUM_CONVERSION = YES;
				CLANG_WARN_INFINITE_RECURSION = YES;
				CLANG_WARN_INT_CONVERSION = YES;
				CLANG_WARN_NON_LITERAL_NULL_CONVERSION = YES;
				CLANG_WARN_OBJC_IMPLICIT_RETAIN_SELF = YES;
				CLANG_WARN_OBJC_LITERAL_CONVERSION = YES;
				CLANG_WARN_OBJC_ROOT_CLASS = YES_ERROR;
				CLANG_WARN_RANGE_LOOP_ANALYSIS = YES;
				CLANG_WARN_STRICT_PROTOTYPES = YES;
				CLANG_WARN_SUSPICIOUS_MOVE = YES;
				CLANG_WARN_UNGUARDED_AVAILABILITY = YES_AGGRESSIVE;
				CLANG_WARN_UNREACHABLE_CODE = YES;
				CLANG_WARN__DUPLICATE_METHOD_MATCH = YES;
				CODE_SIGN_IDENTITY = "iPhone Developer";
				COPY_PHASE_STRIP = NO;
				DEBUG_INFORMATION_FORMAT = dwarf;
				ENABLE_STRICT_OBJC_MSGSEND = YES;
				ENABLE_TESTABILITY = YES;
				GCC_C_LANGUAGE_STANDARD = gnu11;
				GCC_DYNAMIC_NO_PIC = NO;
				GCC_NO_COMMON_BLOCKS = YES;
				GCC_OPTIMIZATION_LEVEL = 0;
				GCC_PREPROCESSOR_DEFINITIONS = (
					"DEBUG=1",
					"$(inherited)",
				);
				GCC_WARN_64_TO_32_BIT_CONVERSION = YES;
				GCC_WARN_ABOUT_RETURN_TYPE = YES_ERROR;
				GCC_WARN_UNDECLARED_SELECTOR = YES;
				GCC_WARN_UNINITIALIZED_AUTOS = YES_AGGRESSIVE;
				GCC_WARN_UNUSED_FUNCTION = YES;
				GCC_WARN_UNUSED_VARIABLE = YES;
				IPHONEOS_DEPLOYMENT_TARGET = 12.1;
				MTL_ENABLE_DEBUG_INFO = INCLUDE_SOURCE;
				MTL_FAST_MATH = YES;
				ONLY_ACTIVE_ARCH = YES;
				SDKROOT = iphoneos;
				SWIFT_ACTIVE_COMPILATION_CONDITIONS = DEBUG;
				SWIFT_OPTIMIZATION_LEVEL = "-Onone";
			};
			name = Debug;
		};
		2F0A911D2214BE1F00F3B08C /* Release */ = {
			isa = XCBuildConfiguration;
			buildSettings = {
				ALWAYS_SEARCH_USER_PATHS = NO;
				CLANG_ANALYZER_NONNULL = YES;
				CLANG_ANALYZER_NUMBER_OBJECT_CONVERSION = YES_AGGRESSIVE;
				CLANG_CXX_LANGUAGE_STANDARD = "gnu++14";
				CLANG_CXX_LIBRARY = "libc++";
				CLANG_ENABLE_MODULES = YES;
				CLANG_ENABLE_OBJC_ARC = YES;
				CLANG_ENABLE_OBJC_WEAK = YES;
				CLANG_WARN_BLOCK_CAPTURE_AUTORELEASING = YES;
				CLANG_WARN_BOOL_CONVERSION = YES;
				CLANG_WARN_COMMA = YES;
				CLANG_WARN_CONSTANT_CONVERSION = YES;
				CLANG_WARN_DEPRECATED_OBJC_IMPLEMENTATIONS = YES;
				CLANG_WARN_DIRECT_OBJC_ISA_USAGE = YES_ERROR;
				CLANG_WARN_DOCUMENTATION_COMMENTS = YES;
				CLANG_WARN_EMPTY_BODY = YES;
				CLANG_WARN_ENUM_CONVERSION = YES;
				CLANG_WARN_INFINITE_RECURSION = YES;
				CLANG_WARN_INT_CONVERSION = YES;
				CLANG_WARN_NON_LITERAL_NULL_CONVERSION = YES;
				CLANG_WARN_OBJC_IMPLICIT_RETAIN_SELF = YES;
				CLANG_WARN_OBJC_LITERAL_CONVERSION = YES;
				CLANG_WARN_OBJC_ROOT_CLASS = YES_ERROR;
				CLANG_WARN_RANGE_LOOP_ANALYSIS = YES;
				CLANG_WARN_STRICT_PROTOTYPES = YES;
				CLANG_WARN_SUSPICIOUS_MOVE = YES;
				CLANG_WARN_UNGUARDED_AVAILABILITY = YES_AGGRESSIVE;
				CLANG_WARN_UNREACHABLE_CODE = YES;
				CLANG_WARN__DUPLICATE_METHOD_MATCH = YES;
				CODE_SIGN_IDENTITY = "iPhone Developer";
				COPY_PHASE_STRIP = NO;
				DEBUG_INFORMATION_FORMAT = "dwarf-with-dsym";
				ENABLE_NS_ASSERTIONS = NO;
				ENABLE_STRICT_OBJC_MSGSEND = YES;
				GCC_C_LANGUAGE_STANDARD = gnu11;
				GCC_NO_COMMON_BLOCKS = YES;
				GCC_WARN_64_TO_32_BIT_CONVERSION = YES;
				GCC_WARN_ABOUT_RETURN_TYPE = YES_ERROR;
				GCC_WARN_UNDECLARED_SELECTOR = YES;
				GCC_WARN_UNINITIALIZED_AUTOS = YES_AGGRESSIVE;
				GCC_WARN_UNUSED_FUNCTION = YES;
				GCC_WARN_UNUSED_VARIABLE = YES;
				IPHONEOS_DEPLOYMENT_TARGET = 12.1;
				MTL_ENABLE_DEBUG_INFO = NO;
				MTL_FAST_MATH = YES;
				SDKROOT = iphoneos;
				SWIFT_COMPILATION_MODE = wholemodule;
				SWIFT_OPTIMIZATION_LEVEL = "-O";
				VALIDATE_PRODUCT = YES;
			};
			name = Release;
		};
		2F0A911F2214BE1F00F3B08C /* Debug */ = {
			isa = XCBuildConfiguration;
			buildSettings = {
				ASSETCATALOG_COMPILER_APPICON_NAME = AppIcon;
				CODE_SIGN_STYLE = Automatic;
				DEVELOPMENT_TEAM = 4NRYRR94WS;
				INFOPLIST_FILE = Aula2/Info.plist;
				LD_RUNPATH_SEARCH_PATHS = (
					"$(inherited)",
					"@executable_path/Frameworks",
				);
				PRODUCT_BUNDLE_IDENTIFIER = site.mocka.Aula2;
				PRODUCT_NAME = "$(TARGET_NAME)";
				SWIFT_VERSION = 4.2;
				TARGETED_DEVICE_FAMILY = "1,2";
			};
			name = Debug;
		};
		2F0A91202214BE1F00F3B08C /* Release */ = {
			isa = XCBuildConfiguration;
			buildSettings = {
				ASSETCATALOG_COMPILER_APPICON_NAME = AppIcon;
				CODE_SIGN_STYLE = Automatic;
				DEVELOPMENT_TEAM = 4NRYRR94WS;
				INFOPLIST_FILE = Aula2/Info.plist;
				LD_RUNPATH_SEARCH_PATHS = (
					"$(inherited)",
					"@executable_path/Frameworks",
				);
				PRODUCT_BUNDLE_IDENTIFIER = site.mocka.Aula2;
				PRODUCT_NAME = "$(TARGET_NAME)";
				SWIFT_VERSION = 4.2;
				TARGETED_DEVICE_FAMILY = "1,2";
			};
			name = Release;
		};
/* End XCBuildConfiguration section */

/* Begin XCConfigurationList section */
		2F0A91072214BE1D00F3B08C /* Build configuration list for PBXProject "Aula2" */ = {
			isa = XCConfigurationList;
			buildConfigurations = (
				2F0A911C2214BE1F00F3B08C /* Debug */,
				2F0A911D2214BE1F00F3B08C /* Release */,
			);
			defaultConfigurationIsVisible = 0;
			defaultConfigurationName = Release;
		};
		2F0A911E2214BE1F00F3B08C /* Build configuration list for PBXNativeTarget "Aula2" */ = {
			isa = XCConfigurationList;
			buildConfigurations = (
				2F0A911F2214BE1F00F3B08C /* Debug */,
				2F0A91202214BE1F00F3B08C /* Release */,
			);
			defaultConfigurationIsVisible = 0;
			defaultConfigurationName = Release;
		};
/* End XCConfigurationList section */
	};
	rootObject = 2F0A91042214BE1D00F3B08C /* Project object */;
}
