// !$*UTF8*$!
{
	archiveVersion = 1;
	classes = {
	};
	objectVersion = 50;
	objects = {

/* Begin PBXBuildFile section */
		A5FD8B51223C17E600E560D4 /* AppDelegate.swift in Sources */ = {isa = PBXBuildFile; fileRef = A5FD8B50223C17E600E560D4 /* AppDelegate.swift */; };
		A5FD8B53223C17E600E560D4 /* ViewController.swift in Sources */ = {isa = PBXBuildFile; fileRef = A5FD8B52223C17E600E560D4 /* ViewController.swift */; };
		A5FD8B56223C17E600E560D4 /* Main.storyboard in Resources */ = {isa = PBXBuildFile; fileRef = A5FD8B54223C17E600E560D4 /* Main.storyboard */; };
		A5FD8B58223C17E800E560D4 /* Assets.xcassets in Resources */ = {isa = PBXBuildFile; fileRef = A5FD8B57223C17E800E560D4 /* Assets.xcassets */; };
		A5FD8B5B223C17E800E560D4 /* LaunchScreen.storyboard in Resources */ = {isa = PBXBuildFile; fileRef = A5FD8B59223C17E800E560D4 /* LaunchScreen.storyboard */; };
		A5FD8B63223C277300E560D4 /* HeaderCollectionReusableView.swift in Sources */ = {isa = PBXBuildFile; fileRef = A5FD8B62223C277300E560D4 /* HeaderCollectionReusableView.swift */; };
		A5FD8B65223C386300E560D4 /* PhotoCollectionViewCell.swift in Sources */ = {isa = PBXBuildFile; fileRef = A5FD8B64223C386300E560D4 /* PhotoCollectionViewCell.swift */; };
/* End PBXBuildFile section */

/* Begin PBXFileReference section */
		A5FD8B4D223C17E600E560D4 /* Aula8.app */ = {isa = PBXFileReference; explicitFileType = wrapper.application; includeInIndex = 0; path = Aula8.app; sourceTree = BUILT_PRODUCTS_DIR; };
		A5FD8B50223C17E600E560D4 /* AppDelegate.swift */ = {isa = PBXFileReference; lastKnownFileType = sourcecode.swift; path = AppDelegate.swift; sourceTree = "<group>"; };
		A5FD8B52223C17E600E560D4 /* ViewController.swift */ = {isa = PBXFileReference; lastKnownFileType = sourcecode.swift; path = ViewController.swift; sourceTree = "<group>"; };
		A5FD8B55223C17E600E560D4 /* Base */ = {isa = PBXFileReference; lastKnownFileType = file.storyboard; name = Base; path = Base.lproj/Main.storyboard; sourceTree = "<group>"; };
		A5FD8B57223C17E800E560D4 /* Assets.xcassets */ = {isa = PBXFileReference; lastKnownFileType = folder.assetcatalog; path = Assets.xcassets; sourceTree = "<group>"; };
		A5FD8B5A223C17E800E560D4 /* Base */ = {isa = PBXFileReference; lastKnownFileType = file.storyboard; name = Base; path = Base.lproj/LaunchScreen.storyboard; sourceTree = "<group>"; };
		A5FD8B5C223C17E800E560D4 /* Info.plist */ = {isa = PBXFileReference; lastKnownFileType = text.plist.xml; path = Info.plist; sourceTree = "<group>"; };
		A5FD8B62223C277300E560D4 /* HeaderCollectionReusableView.swift */ = {isa = PBXFileReference; lastKnownFileType = sourcecode.swift; path = HeaderCollectionReusableView.swift; sourceTree = "<group>"; };
		A5FD8B64223C386300E560D4 /* PhotoCollectionViewCell.swift */ = {isa = PBXFileReference; lastKnownFileType = sourcecode.swift; path = PhotoCollectionViewCell.swift; sourceTree = "<group>"; };
/* End PBXFileReference section */

/* Begin PBXFrameworksBuildPhase section */
		A5FD8B4A223C17E600E560D4 /* Frameworks */ = {
			isa = PBXFrameworksBuildPhase;
			buildActionMask = 2147483647;
			files = (
			);
			runOnlyForDeploymentPostprocessing = 0;
		};
/* End PBXFrameworksBuildPhase section */

/* Begin PBXGroup section */
		A5FD8B44223C17E500E560D4 = {
			isa = PBXGroup;
			children = (
				A5FD8B4F223C17E600E560D4 /* Aula8 */,
				A5FD8B4E223C17E600E560D4 /* Products */,
			);
			sourceTree = "<group>";
		};
		A5FD8B4E223C17E600E560D4 /* Products */ = {
			isa = PBXGroup;
			children = (
				A5FD8B4D223C17E600E560D4 /* Aula8.app */,
			);
			name = Products;
			sourceTree = "<group>";
		};
		A5FD8B4F223C17E600E560D4 /* Aula8 */ = {
			isa = PBXGroup;
			children = (
				A5FD8B50223C17E600E560D4 /* AppDelegate.swift */,
				A5FD8B52223C17E600E560D4 /* ViewController.swift */,
				A5FD8B54223C17E600E560D4 /* Main.storyboard */,
				A5FD8B57223C17E800E560D4 /* Assets.xcassets */,
				A5FD8B59223C17E800E560D4 /* LaunchScreen.storyboard */,
				A5FD8B5C223C17E800E560D4 /* Info.plist */,
				A5FD8B62223C277300E560D4 /* HeaderCollectionReusableView.swift */,
				A5FD8B64223C386300E560D4 /* PhotoCollectionViewCell.swift */,
			);
			path = Aula8;
			sourceTree = "<group>";
		};
/* End PBXGroup section */

/* Begin PBXNativeTarget section */
		A5FD8B4C223C17E600E560D4 /* Aula8 */ = {
			isa = PBXNativeTarget;
			buildConfigurationList = A5FD8B5F223C17E800E560D4 /* Build configuration list for PBXNativeTarget "Aula8" */;
			buildPhases = (
				A5FD8B49223C17E600E560D4 /* Sources */,
				A5FD8B4A223C17E600E560D4 /* Frameworks */,
				A5FD8B4B223C17E600E560D4 /* Resources */,
			);
			buildRules = (
			);
			dependencies = (
			);
			name = Aula8;
			productName = Aula8;
			productReference = A5FD8B4D223C17E600E560D4 /* Aula8.app */;
			productType = "com.apple.product-type.application";
		};
/* End PBXNativeTarget section */

/* Begin PBXProject section */
		A5FD8B45223C17E500E560D4 /* Project object */ = {
			isa = PBXProject;
			attributes = {
				LastSwiftUpdateCheck = 1010;
				LastUpgradeCheck = 1010;
				ORGANIZATIONNAME = "Ronaldo Tavares da Silva";
				TargetAttributes = {
					A5FD8B4C223C17E600E560D4 = {
						CreatedOnToolsVersion = 10.1;
					};
				};
			};
			buildConfigurationList = A5FD8B48223C17E500E560D4 /* Build configuration list for PBXProject "Aula8" */;
			compatibilityVersion = "Xcode 9.3";
			developmentRegion = en;
			hasScannedForEncodings = 0;
			knownRegions = (
				en,
				Base,
			);
			mainGroup = A5FD8B44223C17E500E560D4;
			productRefGroup = A5FD8B4E223C17E600E560D4 /* Products */;
			projectDirPath = "";
			projectRoot = "";
			targets = (
				A5FD8B4C223C17E600E560D4 /* Aula8 */,
			);
		};
/* End PBXProject section */

/* Begin PBXResourcesBuildPhase section */
		A5FD8B4B223C17E600E560D4 /* Resources */ = {
			isa = PBXResourcesBuildPhase;
			buildActionMask = 2147483647;
			files = (
				A5FD8B5B223C17E800E560D4 /* LaunchScreen.storyboard in Resources */,
				A5FD8B58223C17E800E560D4 /* Assets.xcassets in Resources */,
				A5FD8B56223C17E600E560D4 /* Main.storyboard in Resources */,
			);
			runOnlyForDeploymentPostprocessing = 0;
		};
/* End PBXResourcesBuildPhase section */

/* Begin PBXSourcesBuildPhase section */
		A5FD8B49223C17E600E560D4 /* Sources */ = {
			isa = PBXSourcesBuildPhase;
			buildActionMask = 2147483647;
			files = (
				A5FD8B53223C17E600E560D4 /* ViewController.swift in Sources */,
				A5FD8B65223C386300E560D4 /* PhotoCollectionViewCell.swift in Sources */,
				A5FD8B63223C277300E560D4 /* HeaderCollectionReusableView.swift in Sources */,
				A5FD8B51223C17E600E560D4 /* AppDelegate.swift in Sources */,
			);
			runOnlyForDeploymentPostprocessing = 0;
		};
/* End PBXSourcesBuildPhase section */

/* Begin PBXVariantGroup section */
		A5FD8B54223C17E600E560D4 /* Main.storyboard */ = {
			isa = PBXVariantGroup;
			children = (
				A5FD8B55223C17E600E560D4 /* Base */,
			);
			name = Main.storyboard;
			sourceTree = "<group>";
		};
		A5FD8B59223C17E800E560D4 /* LaunchScreen.storyboard */ = {
			isa = PBXVariantGroup;
			children = (
				A5FD8B5A223C17E800E560D4 /* Base */,
			);
			name = LaunchScreen.storyboard;
			sourceTree = "<group>";
		};
/* End PBXVariantGroup section */

/* Begin XCBuildConfiguration section */
		A5FD8B5D223C17E800E560D4 /* Debug */ = {
			isa = XCBuildConfiguration;
			buildSettings = {
				ALWAYS_SEARCH_USER_PATHS = NO;
				CLANG_ANALYZER_NONNULL = YES;
				CLANG_ANALYZER_NUMBER_OBJECT_CONVERSION = YES_AGGRESSIVE;
				CLANG_CXX_LANGUAGE_STANDARD = "gnu++14";
				CLANG_CXX_LIBRARY = "libc++";
				CLANG_ENABLE_MODULES = YES;
				CLANG_ENABLE_OBJC_ARC = YES;
				CLANG_ENABLE_OBJC_WEAK = YES;
				CLANG_WARN_BLOCK_CAPTURE_AUTORELEASING = YES;
				CLANG_WARN_BOOL_CONVERSION = YES;
				CLANG_WARN_COMMA = YES;
				CLANG_WARN_CONSTANT_CONVERSION = YES;
				CLANG_WARN_DEPRECATED_OBJC_IMPLEMENTATIONS = YES;
				CLANG_WARN_DIRECT_OBJC_ISA_USAGE = YES_ERROR;
				CLANG_WARN_DOCUMENTATION_COMMENTS = YES;
				CLANG_WARN_EMPTY_BODY = YES;
				CLANG_WARN_ENUM_CONVERSION = YES;
				CLANG_WARN_INFINITE_RECURSION = YES;
				CLANG_WARN_INT_CONVERSION = YES;
				CLANG_WARN_NON_LITERAL_NULL_CONVERSION = YES;
				CLANG_WARN_OBJC_IMPLICIT_RETAIN_SELF = YES;
				CLANG_WARN_OBJC_LITERAL_CONVERSION = YES;
				CLANG_WARN_OBJC_ROOT_CLASS = YES_ERROR;
				CLANG_WARN_RANGE_LOOP_ANALYSIS = YES;
				CLANG_WARN_STRICT_PROTOTYPES = YES;
				CLANG_WARN_SUSPICIOUS_MOVE = YES;
				CLANG_WARN_UNGUARDED_AVAILABILITY = YES_AGGRESSIVE;
				CLANG_WARN_UNREACHABLE_CODE = YES;
				CLANG_WARN__DUPLICATE_METHOD_MATCH = YES;
				CODE_SIGN_IDENTITY = "iPhone Developer";
				COPY_PHASE_STRIP = NO;
				DEBUG_INFORMATION_FORMAT = dwarf;
				ENABLE_STRICT_OBJC_MSGSEND = YES;
				ENABLE_TESTABILITY = YES;
				GCC_C_LANGUAGE_STANDARD = gnu11;
				GCC_DYNAMIC_NO_PIC = NO;
				GCC_NO_COMMON_BLOCKS = YES;
				GCC_OPTIMIZATION_LEVEL = 0;
				GCC_PREPROCESSOR_DEFINITIONS = (
					"DEBUG=1",
					"$(inherited)",
				);
				GCC_WARN_64_TO_32_BIT_CONVERSION = YES;
				GCC_WARN_ABOUT_RETURN_TYPE = YES_ERROR;
				GCC_WARN_UNDECLARED_SELECTOR = YES;
				GCC_WARN_UNINITIALIZED_AUTOS = YES_AGGRESSIVE;
				GCC_WARN_UNUSED_FUNCTION = YES;
				GCC_WARN_UNUSED_VARIABLE = YES;
				IPHONEOS_DEPLOYMENT_TARGET = 12.1;
				MTL_ENABLE_DEBUG_INFO = INCLUDE_SOURCE;
				MTL_FAST_MATH = YES;
				ONLY_ACTIVE_ARCH = YES;
				SDKROOT = iphoneos;
				SWIFT_ACTIVE_COMPILATION_CONDITIONS = DEBUG;
				SWIFT_OPTIMIZATION_LEVEL = "-Onone";
			};
			name = Debug;
		};
		A5FD8B5E223C17E800E560D4 /* Release */ = {
			isa = XCBuildConfiguration;
			buildSettings = {
				ALWAYS_SEARCH_USER_PATHS = NO;
				CLANG_ANALYZER_NONNULL = YES;
				CLANG_ANALYZER_NUMBER_OBJECT_CONVERSION = YES_AGGRESSIVE;
				CLANG_CXX_LANGUAGE_STANDARD = "gnu++14";
				CLANG_CXX_LIBRARY = "libc++";
				CLANG_ENABLE_MODULES = YES;
				CLANG_ENABLE_OBJC_ARC = YES;
				CLANG_ENABLE_OBJC_WEAK = YES;
				CLANG_WARN_BLOCK_CAPTURE_AUTORELEASING = YES;
				CLANG_WARN_BOOL_CONVERSION = YES;
				CLANG_WARN_COMMA = YES;
				CLANG_WARN_CONSTANT_CONVERSION = YES;
				CLANG_WARN_DEPRECATED_OBJC_IMPLEMENTATIONS = YES;
				CLANG_WARN_DIRECT_OBJC_ISA_USAGE = YES_ERROR;
				CLANG_WARN_DOCUMENTATION_COMMENTS = YES;
				CLANG_WARN_EMPTY_BODY = YES;
				CLANG_WARN_ENUM_CONVERSION = YES;
				CLANG_WARN_INFINITE_RECURSION = YES;
				CLANG_WARN_INT_CONVERSION = YES;
				CLANG_WARN_NON_LITERAL_NULL_CONVERSION = YES;
				CLANG_WARN_OBJC_IMPLICIT_RETAIN_SELF = YES;
				CLANG_WARN_OBJC_LITERAL_CONVERSION = YES;
				CLANG_WARN_OBJC_ROOT_CLASS = YES_ERROR;
				CLANG_WARN_RANGE_LOOP_ANALYSIS = YES;
				CLANG_WARN_STRICT_PROTOTYPES = YES;
				CLANG_WARN_SUSPICIOUS_MOVE = YES;
				CLANG_WARN_UNGUARDED_AVAILABILITY = YES_AGGRESSIVE;
				CLANG_WARN_UNREACHABLE_CODE = YES;
				CLANG_WARN__DUPLICATE_METHOD_MATCH = YES;
				CODE_SIGN_IDENTITY = "iPhone Developer";
				COPY_PHASE_STRIP = NO;
				DEBUG_INFORMATION_FORMAT = "dwarf-with-dsym";
				ENABLE_NS_ASSERTIONS = NO;
				ENABLE_STRICT_OBJC_MSGSEND = YES;
				GCC_C_LANGUAGE_STANDARD = gnu11;
				GCC_NO_COMMON_BLOCKS = YES;
				GCC_WARN_64_TO_32_BIT_CONVERSION = YES;
				GCC_WARN_ABOUT_RETURN_TYPE = YES_ERROR;
				GCC_WARN_UNDECLARED_SELECTOR = YES;
				GCC_WARN_UNINITIALIZED_AUTOS = YES_AGGRESSIVE;
				GCC_WARN_UNUSED_FUNCTION = YES;
				GCC_WARN_UNUSED_VARIABLE = YES;
				IPHONEOS_DEPLOYMENT_TARGET = 12.1;
				MTL_ENABLE_DEBUG_INFO = NO;
				MTL_FAST_MATH = YES;
				SDKROOT = iphoneos;
				SWIFT_COMPILATION_MODE = wholemodule;
				SWIFT_OPTIMIZATION_LEVEL = "-O";
				VALIDATE_PRODUCT = YES;
			};
			name = Release;
		};
		A5FD8B60223C17E800E560D4 /* Debug */ = {
			isa = XCBuildConfiguration;
			buildSettings = {
				ASSETCATALOG_COMPILER_APPICON_NAME = AppIcon;
				CODE_SIGN_STYLE = Automatic;
				INFOPLIST_FILE = Aula8/Info.plist;
				LD_RUNPATH_SEARCH_PATHS = (
					"$(inherited)",
					"@executable_path/Frameworks",
				);
				PRODUCT_BUNDLE_IDENTIFIER = PS.Aula8;
				PRODUCT_NAME = "$(TARGET_NAME)";
				SWIFT_VERSION = 4.2;
				TARGETED_DEVICE_FAMILY = "1,2";
			};
			name = Debug;
		};
		A5FD8B61223C17E800E560D4 /* Release */ = {
			isa = XCBuildConfiguration;
			buildSettings = {
				ASSETCATALOG_COMPILER_APPICON_NAME = AppIcon;
				CODE_SIGN_STYLE = Automatic;
				INFOPLIST_FILE = Aula8/Info.plist;
				LD_RUNPATH_SEARCH_PATHS = (
					"$(inherited)",
					"@executable_path/Frameworks",
				);
				PRODUCT_BUNDLE_IDENTIFIER = PS.Aula8;
				PRODUCT_NAME = "$(TARGET_NAME)";
				SWIFT_VERSION = 4.2;
				TARGETED_DEVICE_FAMILY = "1,2";
			};
			name = Release;
		};
/* End XCBuildConfiguration section */

/* Begin XCConfigurationList section */
		A5FD8B48223C17E500E560D4 /* Build configuration list for PBXProject "Aula8" */ = {
			isa = XCConfigurationList;
			buildConfigurations = (
				A5FD8B5D223C17E800E560D4 /* Debug */,
				A5FD8B5E223C17E800E560D4 /* Release */,
			);
			defaultConfigurationIsVisible = 0;
			defaultConfigurationName = Release;
		};
		A5FD8B5F223C17E800E560D4 /* Build configuration list for PBXNativeTarget "Aula8" */ = {
			isa = XCConfigurationList;
			buildConfigurations = (
				A5FD8B60223C17E800E560D4 /* Debug */,
				A5FD8B61223C17E800E560D4 /* Release */,
			);
			defaultConfigurationIsVisible = 0;
			defaultConfigurationName = Release;
		};
/* End XCConfigurationList section */
	};
	rootObject = A5FD8B45223C17E500E560D4 /* Project object */;
}
