// !$*UTF8*$!
{
	archiveVersion = 1;
	classes = {
	};
	objectVersion = 50;
	objects = {

/* Begin PBXBuildFile section */
		A50074C5224BEDD70072578B /* AppDelegate.swift in Sources */ = {isa = PBXBuildFile; fileRef = A50074C4224BEDD70072578B /* AppDelegate.swift */; };
		A50074C7224BEDD70072578B /* ViewController.swift in Sources */ = {isa = PBXBuildFile; fileRef = A50074C6224BEDD70072578B /* ViewController.swift */; };
		A50074CA224BEDD70072578B /* Main.storyboard in Resources */ = {isa = PBXBuildFile; fileRef = A50074C8224BEDD70072578B /* Main.storyboard */; };
		A50074CC224BEDD90072578B /* Assets.xcassets in Resources */ = {isa = PBXBuildFile; fileRef = A50074CB224BEDD90072578B /* Assets.xcassets */; };
		A50074CF224BEDD90072578B /* LaunchScreen.storyboard in Resources */ = {isa = PBXBuildFile; fileRef = A50074CD224BEDD90072578B /* LaunchScreen.storyboard */; };
		A50074DC224C0C630072578B /* NewViewController.swift in Sources */ = {isa = PBXBuildFile; fileRef = A50074DB224C0C630072578B /* NewViewController.swift */; };
		A50074DE224C0FB60072578B /* SearchTableViewCell.swift in Sources */ = {isa = PBXBuildFile; fileRef = A50074DD224C0FB60072578B /* SearchTableViewCell.swift */; };
/* End PBXBuildFile section */

/* Begin PBXFileReference section */
		A50074C1224BEDD70072578B /* Aula10.app */ = {isa = PBXFileReference; explicitFileType = wrapper.application; includeInIndex = 0; path = Aula10.app; sourceTree = BUILT_PRODUCTS_DIR; };
		A50074C4224BEDD70072578B /* AppDelegate.swift */ = {isa = PBXFileReference; lastKnownFileType = sourcecode.swift; path = AppDelegate.swift; sourceTree = "<group>"; };
		A50074C6224BEDD70072578B /* ViewController.swift */ = {isa = PBXFileReference; lastKnownFileType = sourcecode.swift; path = ViewController.swift; sourceTree = "<group>"; };
		A50074C9224BEDD70072578B /* Base */ = {isa = PBXFileReference; lastKnownFileType = file.storyboard; name = Base; path = Base.lproj/Main.storyboard; sourceTree = "<group>"; };
		A50074CB224BEDD90072578B /* Assets.xcassets */ = {isa = PBXFileReference; lastKnownFileType = folder.assetcatalog; path = Assets.xcassets; sourceTree = "<group>"; };
		A50074CE224BEDD90072578B /* Base */ = {isa = PBXFileReference; lastKnownFileType = file.storyboard; name = Base; path = Base.lproj/LaunchScreen.storyboard; sourceTree = "<group>"; };
		A50074D0224BEDD90072578B /* Info.plist */ = {isa = PBXFileReference; lastKnownFileType = text.plist.xml; path = Info.plist; sourceTree = "<group>"; };
		A50074DB224C0C630072578B /* NewViewController.swift */ = {isa = PBXFileReference; lastKnownFileType = sourcecode.swift; path = NewViewController.swift; sourceTree = "<group>"; };
		A50074DD224C0FB60072578B /* SearchTableViewCell.swift */ = {isa = PBXFileReference; lastKnownFileType = sourcecode.swift; path = SearchTableViewCell.swift; sourceTree = "<group>"; };
/* End PBXFileReference section */

/* Begin PBXFrameworksBuildPhase section */
		A50074BE224BEDD70072578B /* Frameworks */ = {
			isa = PBXFrameworksBuildPhase;
			buildActionMask = 2147483647;
			files = (
			);
			runOnlyForDeploymentPostprocessing = 0;
		};
/* End PBXFrameworksBuildPhase section */

/* Begin PBXGroup section */
		A50074B8224BEDD70072578B = {
			isa = PBXGroup;
			children = (
				A50074C3224BEDD70072578B /* Aula10 */,
				A50074C2224BEDD70072578B /* Products */,
			);
			sourceTree = "<group>";
		};
		A50074C2224BEDD70072578B /* Products */ = {
			isa = PBXGroup;
			children = (
				A50074C1224BEDD70072578B /* Aula10.app */,
			);
			name = Products;
			sourceTree = "<group>";
		};
		A50074C3224BEDD70072578B /* Aula10 */ = {
			isa = PBXGroup;
			children = (
				A50074DA224BEE180072578B /* Resource */,
				A50074D9224BEE030072578B /* Controller */,
				A50074D8224BEDF90072578B /* View */,
				A50074D7224BEDF40072578B /* Model */,
				A50074D6224BEDE90072578B /* Application */,
			);
			path = Aula10;
			sourceTree = "<group>";
		};
		A50074D6224BEDE90072578B /* Application */ = {
			isa = PBXGroup;
			children = (
				A50074C4224BEDD70072578B /* AppDelegate.swift */,
				A50074D0224BEDD90072578B /* Info.plist */,
			);
			name = Application;
			sourceTree = "<group>";
		};
		A50074D7224BEDF40072578B /* Model */ = {
			isa = PBXGroup;
			children = (
			);
			name = Model;
			sourceTree = "<group>";
		};
		A50074D8224BEDF90072578B /* View */ = {
			isa = PBXGroup;
			children = (
				A50074CD224BEDD90072578B /* LaunchScreen.storyboard */,
				A50074CB224BEDD90072578B /* Assets.xcassets */,
				A50074C8224BEDD70072578B /* Main.storyboard */,
			);
			name = View;
			sourceTree = "<group>";
		};
		A50074D9224BEE030072578B /* Controller */ = {
			isa = PBXGroup;
			children = (
				A50074C6224BEDD70072578B /* ViewController.swift */,
				A50074DB224C0C630072578B /* NewViewController.swift */,
				A50074DD224C0FB60072578B /* SearchTableViewCell.swift */,
			);
			name = Controller;
			sourceTree = "<group>";
		};
		A50074DA224BEE180072578B /* Resource */ = {
			isa = PBXGroup;
			children = (
			);
			name = Resource;
			sourceTree = "<group>";
		};
/* End PBXGroup section */

/* Begin PBXNativeTarget section */
		A50074C0224BEDD70072578B /* Aula10 */ = {
			isa = PBXNativeTarget;
			buildConfigurationList = A50074D3224BEDD90072578B /* Build configuration list for PBXNativeTarget "Aula10" */;
			buildPhases = (
				A50074BD224BEDD70072578B /* Sources */,
				A50074BE224BEDD70072578B /* Frameworks */,
				A50074BF224BEDD70072578B /* Resources */,
			);
			buildRules = (
			);
			dependencies = (
			);
			name = Aula10;
			productName = Aula10;
			productReference = A50074C1224BEDD70072578B /* Aula10.app */;
			productType = "com.apple.product-type.application";
		};
/* End PBXNativeTarget section */

/* Begin PBXProject section */
		A50074B9224BEDD70072578B /* Project object */ = {
			isa = PBXProject;
			attributes = {
				LastSwiftUpdateCheck = 1010;
				LastUpgradeCheck = 1010;
				ORGANIZATIONNAME = "Ronaldo Tavares da Silva";
				TargetAttributes = {
					A50074C0224BEDD70072578B = {
						CreatedOnToolsVersion = 10.1;
					};
				};
			};
			buildConfigurationList = A50074BC224BEDD70072578B /* Build configuration list for PBXProject "Aula10" */;
			compatibilityVersion = "Xcode 9.3";
			developmentRegion = en;
			hasScannedForEncodings = 0;
			knownRegions = (
				en,
				Base,
			);
			mainGroup = A50074B8224BEDD70072578B;
			productRefGroup = A50074C2224BEDD70072578B /* Products */;
			projectDirPath = "";
			projectRoot = "";
			targets = (
				A50074C0224BEDD70072578B /* Aula10 */,
			);
		};
/* End PBXProject section */

/* Begin PBXResourcesBuildPhase section */
		A50074BF224BEDD70072578B /* Resources */ = {
			isa = PBXResourcesBuildPhase;
			buildActionMask = 2147483647;
			files = (
				A50074CF224BEDD90072578B /* LaunchScreen.storyboard in Resources */,
				A50074CC224BEDD90072578B /* Assets.xcassets in Resources */,
				A50074CA224BEDD70072578B /* Main.storyboard in Resources */,
			);
			runOnlyForDeploymentPostprocessing = 0;
		};
/* End PBXResourcesBuildPhase section */

/* Begin PBXSourcesBuildPhase section */
		A50074BD224BEDD70072578B /* Sources */ = {
			isa = PBXSourcesBuildPhase;
			buildActionMask = 2147483647;
			files = (
				A50074DC224C0C630072578B /* NewViewController.swift in Sources */,
				A50074DE224C0FB60072578B /* SearchTableViewCell.swift in Sources */,
				A50074C7224BEDD70072578B /* ViewController.swift in Sources */,
				A50074C5224BEDD70072578B /* AppDelegate.swift in Sources */,
			);
			runOnlyForDeploymentPostprocessing = 0;
		};
/* End PBXSourcesBuildPhase section */

/* Begin PBXVariantGroup section */
		A50074C8224BEDD70072578B /* Main.storyboard */ = {
			isa = PBXVariantGroup;
			children = (
				A50074C9224BEDD70072578B /* Base */,
			);
			name = Main.storyboard;
			sourceTree = "<group>";
		};
		A50074CD224BEDD90072578B /* LaunchScreen.storyboard */ = {
			isa = PBXVariantGroup;
			children = (
				A50074CE224BEDD90072578B /* Base */,
			);
			name = LaunchScreen.storyboard;
			sourceTree = "<group>";
		};
/* End PBXVariantGroup section */

/* Begin XCBuildConfiguration section */
		A50074D1224BEDD90072578B /* Debug */ = {
			isa = XCBuildConfiguration;
			buildSettings = {
				ALWAYS_SEARCH_USER_PATHS = NO;
				CLANG_ANALYZER_NONNULL = YES;
				CLANG_ANALYZER_NUMBER_OBJECT_CONVERSION = YES_AGGRESSIVE;
				CLANG_CXX_LANGUAGE_STANDARD = "gnu++14";
				CLANG_CXX_LIBRARY = "libc++";
				CLANG_ENABLE_MODULES = YES;
				CLANG_ENABLE_OBJC_ARC = YES;
				CLANG_ENABLE_OBJC_WEAK = YES;
				CLANG_WARN_BLOCK_CAPTURE_AUTORELEASING = YES;
				CLANG_WARN_BOOL_CONVERSION = YES;
				CLANG_WARN_COMMA = YES;
				CLANG_WARN_CONSTANT_CONVERSION = YES;
				CLANG_WARN_DEPRECATED_OBJC_IMPLEMENTATIONS = YES;
				CLANG_WARN_DIRECT_OBJC_ISA_USAGE = YES_ERROR;
				CLANG_WARN_DOCUMENTATION_COMMENTS = YES;
				CLANG_WARN_EMPTY_BODY = YES;
				CLANG_WARN_ENUM_CONVERSION = YES;
				CLANG_WARN_INFINITE_RECURSION = YES;
				CLANG_WARN_INT_CONVERSION = YES;
				CLANG_WARN_NON_LITERAL_NULL_CONVERSION = YES;
				CLANG_WARN_OBJC_IMPLICIT_RETAIN_SELF = YES;
				CLANG_WARN_OBJC_LITERAL_CONVERSION = YES;
				CLANG_WARN_OBJC_ROOT_CLASS = YES_ERROR;
				CLANG_WARN_RANGE_LOOP_ANALYSIS = YES;
				CLANG_WARN_STRICT_PROTOTYPES = YES;
				CLANG_WARN_SUSPICIOUS_MOVE = YES;
				CLANG_WARN_UNGUARDED_AVAILABILITY = YES_AGGRESSIVE;
				CLANG_WARN_UNREACHABLE_CODE = YES;
				CLANG_WARN__DUPLICATE_METHOD_MATCH = YES;
				CODE_SIGN_IDENTITY = "iPhone Developer";
				COPY_PHASE_STRIP = NO;
				DEBUG_INFORMATION_FORMAT = dwarf;
				ENABLE_STRICT_OBJC_MSGSEND = YES;
				ENABLE_TESTABILITY = YES;
				GCC_C_LANGUAGE_STANDARD = gnu11;
				GCC_DYNAMIC_NO_PIC = NO;
				GCC_NO_COMMON_BLOCKS = YES;
				GCC_OPTIMIZATION_LEVEL = 0;
				GCC_PREPROCESSOR_DEFINITIONS = (
					"DEBUG=1",
					"$(inherited)",
				);
				GCC_WARN_64_TO_32_BIT_CONVERSION = YES;
				GCC_WARN_ABOUT_RETURN_TYPE = YES_ERROR;
				GCC_WARN_UNDECLARED_SELECTOR = YES;
				GCC_WARN_UNINITIALIZED_AUTOS = YES_AGGRESSIVE;
				GCC_WARN_UNUSED_FUNCTION = YES;
				GCC_WARN_UNUSED_VARIABLE = YES;
				IPHONEOS_DEPLOYMENT_TARGET = 12.1;
				MTL_ENABLE_DEBUG_INFO = INCLUDE_SOURCE;
				MTL_FAST_MATH = YES;
				ONLY_ACTIVE_ARCH = YES;
				SDKROOT = iphoneos;
				SWIFT_ACTIVE_COMPILATION_CONDITIONS = DEBUG;
				SWIFT_OPTIMIZATION_LEVEL = "-Onone";
			};
			name = Debug;
		};
		A50074D2224BEDD90072578B /* Release */ = {
			isa = XCBuildConfiguration;
			buildSettings = {
				ALWAYS_SEARCH_USER_PATHS = NO;
				CLANG_ANALYZER_NONNULL = YES;
				CLANG_ANALYZER_NUMBER_OBJECT_CONVERSION = YES_AGGRESSIVE;
				CLANG_CXX_LANGUAGE_STANDARD = "gnu++14";
				CLANG_CXX_LIBRARY = "libc++";
				CLANG_ENABLE_MODULES = YES;
				CLANG_ENABLE_OBJC_ARC = YES;
				CLANG_ENABLE_OBJC_WEAK = YES;
				CLANG_WARN_BLOCK_CAPTURE_AUTORELEASING = YES;
				CLANG_WARN_BOOL_CONVERSION = YES;
				CLANG_WARN_COMMA = YES;
				CLANG_WARN_CONSTANT_CONVERSION = YES;
				CLANG_WARN_DEPRECATED_OBJC_IMPLEMENTATIONS = YES;
				CLANG_WARN_DIRECT_OBJC_ISA_USAGE = YES_ERROR;
				CLANG_WARN_DOCUMENTATION_COMMENTS = YES;
				CLANG_WARN_EMPTY_BODY = YES;
				CLANG_WARN_ENUM_CONVERSION = YES;
				CLANG_WARN_INFINITE_RECURSION = YES;
				CLANG_WARN_INT_CONVERSION = YES;
				CLANG_WARN_NON_LITERAL_NULL_CONVERSION = YES;
				CLANG_WARN_OBJC_IMPLICIT_RETAIN_SELF = YES;
				CLANG_WARN_OBJC_LITERAL_CONVERSION = YES;
				CLANG_WARN_OBJC_ROOT_CLASS = YES_ERROR;
				CLANG_WARN_RANGE_LOOP_ANALYSIS = YES;
				CLANG_WARN_STRICT_PROTOTYPES = YES;
				CLANG_WARN_SUSPICIOUS_MOVE = YES;
				CLANG_WARN_UNGUARDED_AVAILABILITY = YES_AGGRESSIVE;
				CLANG_WARN_UNREACHABLE_CODE = YES;
				CLANG_WARN__DUPLICATE_METHOD_MATCH = YES;
				CODE_SIGN_IDENTITY = "iPhone Developer";
				COPY_PHASE_STRIP = NO;
				DEBUG_INFORMATION_FORMAT = "dwarf-with-dsym";
				ENABLE_NS_ASSERTIONS = NO;
				ENABLE_STRICT_OBJC_MSGSEND = YES;
				GCC_C_LANGUAGE_STANDARD = gnu11;
				GCC_NO_COMMON_BLOCKS = YES;
				GCC_WARN_64_TO_32_BIT_CONVERSION = YES;
				GCC_WARN_ABOUT_RETURN_TYPE = YES_ERROR;
				GCC_WARN_UNDECLARED_SELECTOR = YES;
				GCC_WARN_UNINITIALIZED_AUTOS = YES_AGGRESSIVE;
				GCC_WARN_UNUSED_FUNCTION = YES;
				GCC_WARN_UNUSED_VARIABLE = YES;
				IPHONEOS_DEPLOYMENT_TARGET = 12.1;
				MTL_ENABLE_DEBUG_INFO = NO;
				MTL_FAST_MATH = YES;
				SDKROOT = iphoneos;
				SWIFT_COMPILATION_MODE = wholemodule;
				SWIFT_OPTIMIZATION_LEVEL = "-O";
				VALIDATE_PRODUCT = YES;
			};
			name = Release;
		};
		A50074D4224BEDD90072578B /* Debug */ = {
			isa = XCBuildConfiguration;
			buildSettings = {
				ASSETCATALOG_COMPILER_APPICON_NAME = AppIcon;
				CODE_SIGN_STYLE = Automatic;
				INFOPLIST_FILE = Aula10/Info.plist;
				LD_RUNPATH_SEARCH_PATHS = (
					"$(inherited)",
					"@executable_path/Frameworks",
				);
				PRODUCT_BUNDLE_IDENTIFIER = PS.Aula10;
				PRODUCT_NAME = "$(TARGET_NAME)";
				SWIFT_VERSION = 4.2;
				TARGETED_DEVICE_FAMILY = "1,2";
			};
			name = Debug;
		};
		A50074D5224BEDD90072578B /* Release */ = {
			isa = XCBuildConfiguration;
			buildSettings = {
				ASSETCATALOG_COMPILER_APPICON_NAME = AppIcon;
				CODE_SIGN_STYLE = Automatic;
				INFOPLIST_FILE = Aula10/Info.plist;
				LD_RUNPATH_SEARCH_PATHS = (
					"$(inherited)",
					"@executable_path/Frameworks",
				);
				PRODUCT_BUNDLE_IDENTIFIER = PS.Aula10;
				PRODUCT_NAME = "$(TARGET_NAME)";
				SWIFT_VERSION = 4.2;
				TARGETED_DEVICE_FAMILY = "1,2";
			};
			name = Release;
		};
/* End XCBuildConfiguration section */

/* Begin XCConfigurationList section */
		A50074BC224BEDD70072578B /* Build configuration list for PBXProject "Aula10" */ = {
			isa = XCConfigurationList;
			buildConfigurations = (
				A50074D1224BEDD90072578B /* Debug */,
				A50074D2224BEDD90072578B /* Release */,
			);
			defaultConfigurationIsVisible = 0;
			defaultConfigurationName = Release;
		};
		A50074D3224BEDD90072578B /* Build configuration list for PBXNativeTarget "Aula10" */ = {
			isa = XCConfigurationList;
			buildConfigurations = (
				A50074D4224BEDD90072578B /* Debug */,
				A50074D5224BEDD90072578B /* Release */,
			);
			defaultConfigurationIsVisible = 0;
			defaultConfigurationName = Release;
		};
/* End XCConfigurationList section */
	};
	rootObject = A50074B9224BEDD70072578B /* Project object */;
}
