// !$*UTF8*$!
{
	archiveVersion = 1;
	classes = {
	};
	objectVersion = 50;
	objects = {

/* Begin PBXBuildFile section */
		2F0A914C2214BF9500F3B08C /* AppDelegate.swift in Sources */ = {isa = PBXBuildFile; fileRef = 2F0A914B2214BF9500F3B08C /* AppDelegate.swift */; };
		2F0A914E2214BF9500F3B08C /* ViewController.swift in Sources */ = {isa = PBXBuildFile; fileRef = 2F0A914D2214BF9500F3B08C /* ViewController.swift */; };
		2F0A91512214BF9500F3B08C /* Main.storyboard in Resources */ = {isa = PBXBuildFile; fileRef = 2F0A914F2214BF9500F3B08C /* Main.storyboard */; };
		2F0A91532214BF9600F3B08C /* Assets.xcassets in Resources */ = {isa = PBXBuildFile; fileRef = 2F0A91522214BF9600F3B08C /* Assets.xcassets */; };
		2F0A91562214BF9600F3B08C /* LaunchScreen.storyboard in Resources */ = {isa = PBXBuildFile; fileRef = 2F0A91542214BF9600F3B08C /* LaunchScreen.storyboard */; };
		2F527C5E221CC30900445B41 /* User.swift in Sources */ = {isa = PBXBuildFile; fileRef = 2F527C5D221CC30900445B41 /* User.swift */; };
		2F527C60221CC31200445B41 /* VendingMachine.swift in Sources */ = {isa = PBXBuildFile; fileRef = 2F527C5F221CC31200445B41 /* VendingMachine.swift */; };
		2F527C62221CC33000445B41 /* Sign.storyboard in Resources */ = {isa = PBXBuildFile; fileRef = 2F527C61221CC33000445B41 /* Sign.storyboard */; };
		2F527C64221CC34000445B41 /* LoginViewController.swift in Sources */ = {isa = PBXBuildFile; fileRef = 2F527C63221CC34000445B41 /* LoginViewController.swift */; };
		2F527C66221CC35600445B41 /* RegisterViewController.swift in Sources */ = {isa = PBXBuildFile; fileRef = 2F527C65221CC35600445B41 /* RegisterViewController.swift */; };
		2F527C6A221CDDBE00445B41 /* Extensions.swift in Sources */ = {isa = PBXBuildFile; fileRef = 2F527C69221CDDBE00445B41 /* Extensions.swift */; };
		2F527C6C221CEE0E00445B41 /* Person.swift in Sources */ = {isa = PBXBuildFile; fileRef = 2F527C6B221CEE0E00445B41 /* Person.swift */; };
		2FA40ED3221E1A8D00D5ED2B /* PurchaseHistory.swift in Sources */ = {isa = PBXBuildFile; fileRef = 2FA40ED2221E1A8D00D5ED2B /* PurchaseHistory.swift */; };
/* End PBXBuildFile section */

/* Begin PBXFileReference section */
		2F0A91482214BF9500F3B08C /* Aula3.app */ = {isa = PBXFileReference; explicitFileType = wrapper.application; includeInIndex = 0; path = Aula3.app; sourceTree = BUILT_PRODUCTS_DIR; };
		2F0A914B2214BF9500F3B08C /* AppDelegate.swift */ = {isa = PBXFileReference; lastKnownFileType = sourcecode.swift; path = AppDelegate.swift; sourceTree = "<group>"; };
		2F0A914D2214BF9500F3B08C /* ViewController.swift */ = {isa = PBXFileReference; lastKnownFileType = sourcecode.swift; path = ViewController.swift; sourceTree = "<group>"; };
		2F0A91502214BF9500F3B08C /* Base */ = {isa = PBXFileReference; lastKnownFileType = file.storyboard; name = Base; path = Base.lproj/Main.storyboard; sourceTree = "<group>"; };
		2F0A91522214BF9600F3B08C /* Assets.xcassets */ = {isa = PBXFileReference; lastKnownFileType = folder.assetcatalog; path = Assets.xcassets; sourceTree = "<group>"; };
		2F0A91552214BF9600F3B08C /* Base */ = {isa = PBXFileReference; lastKnownFileType = file.storyboard; name = Base; path = Base.lproj/LaunchScreen.storyboard; sourceTree = "<group>"; };
		2F0A91572214BF9600F3B08C /* Info.plist */ = {isa = PBXFileReference; lastKnownFileType = text.plist.xml; path = Info.plist; sourceTree = "<group>"; };
		2F527C5D221CC30900445B41 /* User.swift */ = {isa = PBXFileReference; lastKnownFileType = sourcecode.swift; path = User.swift; sourceTree = "<group>"; };
		2F527C5F221CC31200445B41 /* VendingMachine.swift */ = {isa = PBXFileReference; lastKnownFileType = sourcecode.swift; path = VendingMachine.swift; sourceTree = "<group>"; };
		2F527C61221CC33000445B41 /* Sign.storyboard */ = {isa = PBXFileReference; lastKnownFileType = file.storyboard; path = Sign.storyboard; sourceTree = "<group>"; };
		2F527C63221CC34000445B41 /* LoginViewController.swift */ = {isa = PBXFileReference; lastKnownFileType = sourcecode.swift; path = LoginViewController.swift; sourceTree = "<group>"; };
		2F527C65221CC35600445B41 /* RegisterViewController.swift */ = {isa = PBXFileReference; lastKnownFileType = sourcecode.swift; path = RegisterViewController.swift; sourceTree = "<group>"; };
		2F527C69221CDDBE00445B41 /* Extensions.swift */ = {isa = PBXFileReference; lastKnownFileType = sourcecode.swift; path = Extensions.swift; sourceTree = "<group>"; };
		2F527C6B221CEE0E00445B41 /* Person.swift */ = {isa = PBXFileReference; lastKnownFileType = sourcecode.swift; path = Person.swift; sourceTree = "<group>"; };
		2FA40ED2221E1A8D00D5ED2B /* PurchaseHistory.swift */ = {isa = PBXFileReference; lastKnownFileType = sourcecode.swift; path = PurchaseHistory.swift; sourceTree = "<group>"; };
/* End PBXFileReference section */

/* Begin PBXFrameworksBuildPhase section */
		2F0A91452214BF9500F3B08C /* Frameworks */ = {
			isa = PBXFrameworksBuildPhase;
			buildActionMask = 2147483647;
			files = (
			);
			runOnlyForDeploymentPostprocessing = 0;
		};
/* End PBXFrameworksBuildPhase section */

/* Begin PBXGroup section */
		2F0A913F2214BF9500F3B08C = {
			isa = PBXGroup;
			children = (
				2F0A914A2214BF9500F3B08C /* Aula3 */,
				2F0A91492214BF9500F3B08C /* Products */,
			);
			sourceTree = "<group>";
		};
		2F0A91492214BF9500F3B08C /* Products */ = {
			isa = PBXGroup;
			children = (
				2F0A91482214BF9500F3B08C /* Aula3.app */,
			);
			name = Products;
			sourceTree = "<group>";
		};
		2F0A914A2214BF9500F3B08C /* Aula3 */ = {
			isa = PBXGroup;
			children = (
				2F527C5C221CB7D500445B41 /* Resource */,
				2F527C59221CB7C100445B41 /* Model */,
				2F527C5A221CB7C700445B41 /* View */,
				2F527C5B221CB7CC00445B41 /* Controller */,
			);
			path = Aula3;
			sourceTree = "<group>";
		};
		2F527C59221CB7C100445B41 /* Model */ = {
			isa = PBXGroup;
			children = (
				2F527C5D221CC30900445B41 /* User.swift */,
				2F527C5F221CC31200445B41 /* VendingMachine.swift */,
				2F527C6B221CEE0E00445B41 /* Person.swift */,
				2FA40ED2221E1A8D00D5ED2B /* PurchaseHistory.swift */,
			);
			path = Model;
			sourceTree = "<group>";
		};
		2F527C5A221CB7C700445B41 /* View */ = {
			isa = PBXGroup;
			children = (
				2F0A91522214BF9600F3B08C /* Assets.xcassets */,
				2F0A91542214BF9600F3B08C /* LaunchScreen.storyboard */,
				2F0A914F2214BF9500F3B08C /* Main.storyboard */,
				2F527C61221CC33000445B41 /* Sign.storyboard */,
			);
			path = View;
			sourceTree = "<group>";
		};
		2F527C5B221CB7CC00445B41 /* Controller */ = {
			isa = PBXGroup;
			children = (
				2F527C68221CC36500445B41 /* Home */,
				2F527C67221CC35B00445B41 /* Sign */,
			);
			path = Controller;
			sourceTree = "<group>";
		};
		2F527C5C221CB7D500445B41 /* Resource */ = {
			isa = PBXGroup;
			children = (
				2F0A914B2214BF9500F3B08C /* AppDelegate.swift */,
				2F0A91572214BF9600F3B08C /* Info.plist */,
				2F527C69221CDDBE00445B41 /* Extensions.swift */,
			);
			name = Resource;
			sourceTree = "<group>";
		};
		2F527C67221CC35B00445B41 /* Sign */ = {
			isa = PBXGroup;
			children = (
				2F527C63221CC34000445B41 /* LoginViewController.swift */,
				2F527C65221CC35600445B41 /* RegisterViewController.swift */,
			);
			path = Sign;
			sourceTree = "<group>";
		};
		2F527C68221CC36500445B41 /* Home */ = {
			isa = PBXGroup;
			children = (
				2F0A914D2214BF9500F3B08C /* ViewController.swift */,
			);
			path = Home;
			sourceTree = "<group>";
		};
/* End PBXGroup section */

/* Begin PBXNativeTarget section */
		2F0A91472214BF9500F3B08C /* Aula3 */ = {
			isa = PBXNativeTarget;
			buildConfigurationList = 2F0A915A2214BF9600F3B08C /* Build configuration list for PBXNativeTarget "Aula3" */;
			buildPhases = (
				2F0A91442214BF9500F3B08C /* Sources */,
				2F0A91452214BF9500F3B08C /* Frameworks */,
				2F0A91462214BF9500F3B08C /* Resources */,
			);
			buildRules = (
			);
			dependencies = (
			);
			name = Aula3;
			productName = Aula4;
			productReference = 2F0A91482214BF9500F3B08C /* Aula3.app */;
			productType = "com.apple.product-type.application";
		};
/* End PBXNativeTarget section */

/* Begin PBXProject section */
		2F0A91402214BF9500F3B08C /* Project object */ = {
			isa = PBXProject;
			attributes = {
				LastSwiftUpdateCheck = 1010;
				LastUpgradeCheck = 1010;
				ORGANIZATIONNAME = Mocka;
				TargetAttributes = {
					2F0A91472214BF9500F3B08C = {
						CreatedOnToolsVersion = 10.1;
					};
				};
			};
			buildConfigurationList = 2F0A91432214BF9500F3B08C /* Build configuration list for PBXProject "Aula3" */;
			compatibilityVersion = "Xcode 9.3";
			developmentRegion = en;
			hasScannedForEncodings = 0;
			knownRegions = (
				en,
				Base,
			);
			mainGroup = 2F0A913F2214BF9500F3B08C;
			productRefGroup = 2F0A91492214BF9500F3B08C /* Products */;
			projectDirPath = "";
			projectRoot = "";
			targets = (
				2F0A91472214BF9500F3B08C /* Aula3 */,
			);
		};
/* End PBXProject section */

/* Begin PBXResourcesBuildPhase section */
		2F0A91462214BF9500F3B08C /* Resources */ = {
			isa = PBXResourcesBuildPhase;
			buildActionMask = 2147483647;
			files = (
				2F527C62221CC33000445B41 /* Sign.storyboard in Resources */,
				2F0A91562214BF9600F3B08C /* LaunchScreen.storyboard in Resources */,
				2F0A91532214BF9600F3B08C /* Assets.xcassets in Resources */,
				2F0A91512214BF9500F3B08C /* Main.storyboard in Resources */,
			);
			runOnlyForDeploymentPostprocessing = 0;
		};
/* End PBXResourcesBuildPhase section */

/* Begin PBXSourcesBuildPhase section */
		2F0A91442214BF9500F3B08C /* Sources */ = {
			isa = PBXSourcesBuildPhase;
			buildActionMask = 2147483647;
			files = (
				2FA40ED3221E1A8D00D5ED2B /* PurchaseHistory.swift in Sources */,
				2F527C5E221CC30900445B41 /* User.swift in Sources */,
				2F0A914E2214BF9500F3B08C /* ViewController.swift in Sources */,
				2F527C60221CC31200445B41 /* VendingMachine.swift in Sources */,
				2F527C66221CC35600445B41 /* RegisterViewController.swift in Sources */,
				2F527C64221CC34000445B41 /* LoginViewController.swift in Sources */,
				2F0A914C2214BF9500F3B08C /* AppDelegate.swift in Sources */,
				2F527C6C221CEE0E00445B41 /* Person.swift in Sources */,
				2F527C6A221CDDBE00445B41 /* Extensions.swift in Sources */,
			);
			runOnlyForDeploymentPostprocessing = 0;
		};
/* End PBXSourcesBuildPhase section */

/* Begin PBXVariantGroup section */
		2F0A914F2214BF9500F3B08C /* Main.storyboard */ = {
			isa = PBXVariantGroup;
			children = (
				2F0A91502214BF9500F3B08C /* Base */,
			);
			name = Main.storyboard;
			sourceTree = "<group>";
		};
		2F0A91542214BF9600F3B08C /* LaunchScreen.storyboard */ = {
			isa = PBXVariantGroup;
			children = (
				2F0A91552214BF9600F3B08C /* Base */,
			);
			name = LaunchScreen.storyboard;
			sourceTree = "<group>";
		};
/* End PBXVariantGroup section */

/* Begin XCBuildConfiguration section */
		2F0A91582214BF9600F3B08C /* Debug */ = {
			isa = XCBuildConfiguration;
			buildSettings = {
				ALWAYS_SEARCH_USER_PATHS = NO;
				CLANG_ANALYZER_NONNULL = YES;
				CLANG_ANALYZER_NUMBER_OBJECT_CONVERSION = YES_AGGRESSIVE;
				CLANG_CXX_LANGUAGE_STANDARD = "gnu++14";
				CLANG_CXX_LIBRARY = "libc++";
				CLANG_ENABLE_MODULES = YES;
				CLANG_ENABLE_OBJC_ARC = YES;
				CLANG_ENABLE_OBJC_WEAK = YES;
				CLANG_WARN_BLOCK_CAPTURE_AUTORELEASING = YES;
				CLANG_WARN_BOOL_CONVERSION = YES;
				CLANG_WARN_COMMA = YES;
				CLANG_WARN_CONSTANT_CONVERSION = YES;
				CLANG_WARN_DEPRECATED_OBJC_IMPLEMENTATIONS = YES;
				CLANG_WARN_DIRECT_OBJC_ISA_USAGE = YES_ERROR;
				CLANG_WARN_DOCUMENTATION_COMMENTS = YES;
				CLANG_WARN_EMPTY_BODY = YES;
				CLANG_WARN_ENUM_CONVERSION = YES;
				CLANG_WARN_INFINITE_RECURSION = YES;
				CLANG_WARN_INT_CONVERSION = YES;
				CLANG_WARN_NON_LITERAL_NULL_CONVERSION = YES;
				CLANG_WARN_OBJC_IMPLICIT_RETAIN_SELF = YES;
				CLANG_WARN_OBJC_LITERAL_CONVERSION = YES;
				CLANG_WARN_OBJC_ROOT_CLASS = YES_ERROR;
				CLANG_WARN_RANGE_LOOP_ANALYSIS = YES;
				CLANG_WARN_STRICT_PROTOTYPES = YES;
				CLANG_WARN_SUSPICIOUS_MOVE = YES;
				CLANG_WARN_UNGUARDED_AVAILABILITY = YES_AGGRESSIVE;
				CLANG_WARN_UNREACHABLE_CODE = YES;
				CLANG_WARN__DUPLICATE_METHOD_MATCH = YES;
				CODE_SIGN_IDENTITY = "iPhone Developer";
				COPY_PHASE_STRIP = NO;
				DEBUG_INFORMATION_FORMAT = dwarf;
				ENABLE_STRICT_OBJC_MSGSEND = YES;
				ENABLE_TESTABILITY = YES;
				GCC_C_LANGUAGE_STANDARD = gnu11;
				GCC_DYNAMIC_NO_PIC = NO;
				GCC_NO_COMMON_BLOCKS = YES;
				GCC_OPTIMIZATION_LEVEL = 0;
				GCC_PREPROCESSOR_DEFINITIONS = (
					"DEBUG=1",
					"$(inherited)",
				);
				GCC_WARN_64_TO_32_BIT_CONVERSION = YES;
				GCC_WARN_ABOUT_RETURN_TYPE = YES_ERROR;
				GCC_WARN_UNDECLARED_SELECTOR = YES;
				GCC_WARN_UNINITIALIZED_AUTOS = YES_AGGRESSIVE;
				GCC_WARN_UNUSED_FUNCTION = YES;
				GCC_WARN_UNUSED_VARIABLE = YES;
				IPHONEOS_DEPLOYMENT_TARGET = 12.1;
				MTL_ENABLE_DEBUG_INFO = INCLUDE_SOURCE;
				MTL_FAST_MATH = YES;
				ONLY_ACTIVE_ARCH = YES;
				SDKROOT = iphoneos;
				SWIFT_ACTIVE_COMPILATION_CONDITIONS = DEBUG;
				SWIFT_OPTIMIZATION_LEVEL = "-Onone";
			};
			name = Debug;
		};
		2F0A91592214BF9600F3B08C /* Release */ = {
			isa = XCBuildConfiguration;
			buildSettings = {
				ALWAYS_SEARCH_USER_PATHS = NO;
				CLANG_ANALYZER_NONNULL = YES;
				CLANG_ANALYZER_NUMBER_OBJECT_CONVERSION = YES_AGGRESSIVE;
				CLANG_CXX_LANGUAGE_STANDARD = "gnu++14";
				CLANG_CXX_LIBRARY = "libc++";
				CLANG_ENABLE_MODULES = YES;
				CLANG_ENABLE_OBJC_ARC = YES;
				CLANG_ENABLE_OBJC_WEAK = YES;
				CLANG_WARN_BLOCK_CAPTURE_AUTORELEASING = YES;
				CLANG_WARN_BOOL_CONVERSION = YES;
				CLANG_WARN_COMMA = YES;
				CLANG_WARN_CONSTANT_CONVERSION = YES;
				CLANG_WARN_DEPRECATED_OBJC_IMPLEMENTATIONS = YES;
				CLANG_WARN_DIRECT_OBJC_ISA_USAGE = YES_ERROR;
				CLANG_WARN_DOCUMENTATION_COMMENTS = YES;
				CLANG_WARN_EMPTY_BODY = YES;
				CLANG_WARN_ENUM_CONVERSION = YES;
				CLANG_WARN_INFINITE_RECURSION = YES;
				CLANG_WARN_INT_CONVERSION = YES;
				CLANG_WARN_NON_LITERAL_NULL_CONVERSION = YES;
				CLANG_WARN_OBJC_IMPLICIT_RETAIN_SELF = YES;
				CLANG_WARN_OBJC_LITERAL_CONVERSION = YES;
				CLANG_WARN_OBJC_ROOT_CLASS = YES_ERROR;
				CLANG_WARN_RANGE_LOOP_ANALYSIS = YES;
				CLANG_WARN_STRICT_PROTOTYPES = YES;
				CLANG_WARN_SUSPICIOUS_MOVE = YES;
				CLANG_WARN_UNGUARDED_AVAILABILITY = YES_AGGRESSIVE;
				CLANG_WARN_UNREACHABLE_CODE = YES;
				CLANG_WARN__DUPLICATE_METHOD_MATCH = YES;
				CODE_SIGN_IDENTITY = "iPhone Developer";
				COPY_PHASE_STRIP = NO;
				DEBUG_INFORMATION_FORMAT = "dwarf-with-dsym";
				ENABLE_NS_ASSERTIONS = NO;
				ENABLE_STRICT_OBJC_MSGSEND = YES;
				GCC_C_LANGUAGE_STANDARD = gnu11;
				GCC_NO_COMMON_BLOCKS = YES;
				GCC_WARN_64_TO_32_BIT_CONVERSION = YES;
				GCC_WARN_ABOUT_RETURN_TYPE = YES_ERROR;
				GCC_WARN_UNDECLARED_SELECTOR = YES;
				GCC_WARN_UNINITIALIZED_AUTOS = YES_AGGRESSIVE;
				GCC_WARN_UNUSED_FUNCTION = YES;
				GCC_WARN_UNUSED_VARIABLE = YES;
				IPHONEOS_DEPLOYMENT_TARGET = 12.1;
				MTL_ENABLE_DEBUG_INFO = NO;
				MTL_FAST_MATH = YES;
				SDKROOT = iphoneos;
				SWIFT_COMPILATION_MODE = wholemodule;
				SWIFT_OPTIMIZATION_LEVEL = "-O";
				VALIDATE_PRODUCT = YES;
			};
			name = Release;
		};
		2F0A915B2214BF9600F3B08C /* Debug */ = {
			isa = XCBuildConfiguration;
			buildSettings = {
				ASSETCATALOG_COMPILER_APPICON_NAME = AppIcon;
				CODE_SIGN_STYLE = Automatic;
				DEVELOPMENT_TEAM = 4NRYRR94WS;
				INFOPLIST_FILE = "$(SRCROOT)/Aula3/Info.plist";
				LD_RUNPATH_SEARCH_PATHS = (
					"$(inherited)",
					"@executable_path/Frameworks",
				);
				PRODUCT_BUNDLE_IDENTIFIER = site.mocka.Aula3;
				PRODUCT_NAME = "$(TARGET_NAME)";
				SWIFT_VERSION = 4.2;
				TARGETED_DEVICE_FAMILY = "1,2";
			};
			name = Debug;
		};
		2F0A915C2214BF9600F3B08C /* Release */ = {
			isa = XCBuildConfiguration;
			buildSettings = {
				ASSETCATALOG_COMPILER_APPICON_NAME = AppIcon;
				CODE_SIGN_STYLE = Automatic;
				DEVELOPMENT_TEAM = 4NRYRR94WS;
				INFOPLIST_FILE = "$(SRCROOT)/Aula3/Info.plist";
				LD_RUNPATH_SEARCH_PATHS = (
					"$(inherited)",
					"@executable_path/Frameworks",
				);
				PRODUCT_BUNDLE_IDENTIFIER = site.mocka.Aula3;
				PRODUCT_NAME = "$(TARGET_NAME)";
				SWIFT_VERSION = 4.2;
				TARGETED_DEVICE_FAMILY = "1,2";
			};
			name = Release;
		};
/* End XCBuildConfiguration section */

/* Begin XCConfigurationList section */
		2F0A91432214BF9500F3B08C /* Build configuration list for PBXProject "Aula3" */ = {
			isa = XCConfigurationList;
			buildConfigurations = (
				2F0A91582214BF9600F3B08C /* Debug */,
				2F0A91592214BF9600F3B08C /* Release */,
			);
			defaultConfigurationIsVisible = 0;
			defaultConfigurationName = Release;
		};
		2F0A915A2214BF9600F3B08C /* Build configuration list for PBXNativeTarget "Aula3" */ = {
			isa = XCConfigurationList;
			buildConfigurations = (
				2F0A915B2214BF9600F3B08C /* Debug */,
				2F0A915C2214BF9600F3B08C /* Release */,
			);
			defaultConfigurationIsVisible = 0;
			defaultConfigurationName = Release;
		};
/* End XCConfigurationList section */
	};
	rootObject = 2F0A91402214BF9500F3B08C /* Project object */;
}
